
Microsoft Visual Studio Solution File, Format Version 12.00
# Visual Studio Version 16
VisualStudioVersion = 16.0.31613.86
MinimumVisualStudioVersion = 10.0.40219.1
Project("{FAE04EC0-301F-11D3-BF4B-00C04F79EFBC}") = "CheckVocabulary", "CheckVocabulary\CheckVocabulary.csproj", "{64943C08-0EBD-4BAD-AD5F-31A08959BF78}"
EndProject
Global
	GlobalSection(SolutionConfigurationPlatforms) = preSolution
		Debug|Any CPU = Debug|Any CPU
		Release|Any CPU = Release|Any CPU
	EndGlobalSection
	GlobalSection(ProjectConfigurationPlatforms) = postSolution
		{64943C08-0EBD-4BAD-AD5F-31A08959BF78}.Debug|Any CPU.ActiveCfg = Debug|Any CPU
		{64943C08-0EBD-4BAD-AD5F-31A08959BF78}.Debug|Any CPU.Build.0 = Debug|Any CPU
		{64943C08-0EBD-4BAD-AD5F-31A08959BF78}.Release|Any CPU.ActiveCfg = Release|Any CPU
		{64943C08-0EBD-4BAD-AD5F-31A08959BF78}.Release|Any CPU.Build.0 = Release|Any CPU
	EndGlobalSection
	GlobalSection(SolutionProperties) = preSolution
		HideSolutionNode = FALSE
	EndGlobalSection
	GlobalSection(ExtensibilityGlobals) = postSolution
		SolutionGuid = {439C8E89-C7BD-4AC4-B44A-89CF908EF7FC}
	EndGlobalSection
EndGlobal
